Microsoft Visual Studio Solution File, Format Version 11.00
# Visual Studio 2010
Project("{FAE04EC0-301F-11D3-BF4B-00C04F79EFBC}") = "SilverlightApplication1", "SilverlightApplication1\SilverlightApplication1.csproj", "{2C3EB85F-4D67-4EA3-9A36-7E92D535A8BA}"
EndProject
Project("{FAE04EC0-301F-11D3-BF4B-00C04F79EFBC}") = "SilverlightApplication1.Web", "SilverlightApplication1.Web\SilverlightApplication1.Web.csproj", "{3F050058-CD67-4C7A-ABE3-F3019BB9B8D9}"
EndProject
Global
	GlobalSection(SolutionConfigurationPlatforms) = preSolution
		Debug|Any CPU = Debug|Any CPU
		Release|Any CPU = Release|Any CPU
	EndGlobalSection
	GlobalSection(ProjectConfigurationPlatforms) = postSolution
		{2C3EB85F-4D67-4EA3-9A36-7E92D535A8BA}.Debug|Any CPU.ActiveCfg = Debug|Any CPU
		{2C3EB85F-4D67-4EA3-9A36-7E92D535A8BA}.Debug|Any CPU.Build.0 = Debug|Any CPU
		{2C3EB85F-4D67-4EA3-9A36-7E92D535A8BA}.Release|Any CPU.ActiveCfg = Release|Any CPU
		{2C3EB85F-4D67-4EA3-9A36-7E92D535A8BA}.Release|Any CPU.Build.0 = Release|Any CPU
		{3F050058-CD67-4C7A-ABE3-F3019BB9B8D9}.Debug|Any CPU.ActiveCfg = Debug|Any CPU
		{3F050058-CD67-4C7A-ABE3-F3019BB9B8D9}.Debug|Any CPU.Build.0 = Debug|Any CPU
		{3F050058-CD67-4C7A-ABE3-F3019BB9B8D9}.Release|Any CPU.ActiveCfg = Release|Any CPU
		{3F050058-CD67-4C7A-ABE3-F3019BB9B8D9}.Release|Any CPU.Build.0 = Release|Any CPU
	EndGlobalSection
	GlobalSection(SolutionProperties) = preSolution
		HideSolutionNode = FALSE
	EndGlobalSection
EndGlobal
